{
  "version": 4,
  "terraform_version": "1.14.3",
  "serial": 3,
  "lineage": "c0815976-48bb-1409-7edb-60d08a65e584",
  "outputs": {},
  "resources": [
    {
      "mode": "managed",
      "type": "aws_iam_user",
      "name": "lb",
      "provider": "provider[\"registry.terraform.io/hashicorp/aws\"]",
      "instances": [
        {
          "schema_version": 0,
          "attributes": {
            "arn": "arn:aws:iam::512978621590:user/1234",
            "force_destroy": false,
            "id": "1234",
            "name": "1234",
            "path": "/",
            "permissions_boundary": "",
            "tags": null,
            "tags_all": {},
            "unique_id": "AIDAXO37ISSLIRLHQT5GH"
          },
          "sensitive_attributes": [],
          "identity_schema_version": 0,
          "private": "bnVsbA=="
        }
      ]
    }
  ],
  "check_results": null
}
