{
  "version": 4,
  "terraform_version": "1.14.3",
  "serial": 1,
  "lineage": "b4fbf1f0-4c6e-a9ad-c181-64893b583fa0",
  "outputs": {},
  "resources": [
    {
      "mode": "managed",
      "type": "aws_security_group",
      "name": "prod",
      "provider": "provider[\"registry.terraform.io/hashicorp/aws\"]",
      "instances": [
        {
          "schema_version": 1,
          "attributes": {
            "arn": "arn:aws:ec2:eu-west-3:512978621590:security-group/sg-0ca650543d34902e4",
            "description": "Managed by Terraform",
            "egress": [],
            "id": "sg-0ca650543d34902e4",
            "ingress": [],
            "name": "prod-sg",
            "name_prefix": "",
            "owner_id": "512978621590",
            "region": "eu-west-3",
            "revoke_rules_on_delete": false,
            "tags": null,
            "tags_all": {},
            "timeouts": null,
            "vpc_id": "vpc-05fcd24c167ad4d5a"
          },
          "sensitive_attributes": [],
          "identity_schema_version": 0,
          "identity": {
            "account_id": "512978621590",
            "id": "sg-0ca650543d34902e4",
            "region": "eu-west-3"
          },
          "private": "eyJlMmJmYjczMC1lY2FhLTExZTYtOGY4OC0zNDM2M2JjN2M0YzAiOnsiY3JlYXRlIjo2MDAwMDAwMDAwMDAsImRlbGV0ZSI6OTAwMDAwMDAwMDAwfSwic2NoZW1hX3ZlcnNpb24iOiIxIn0="
        }
      ]
    }
  ],
  "check_results": null
}
