{
  "version": 4,
  "terraform_version": "1.14.3",
  "serial": 4,
  "lineage": "1970dd3c-1e15-437f-298e-37b3e20c4146",
  "outputs": {
    "user_names_combined": {
      "value": {
        "arn:aws:iam::512978621590:user/system/user_0": "user_0",
        "arn:aws:iam::512978621590:user/system/user_1": "user_1",
        "arn:aws:iam::512978621590:user/system/user_2": "user_2"
      },
      "type": [
        "object",
        {
          "arn:aws:iam::512978621590:user/system/user_0": "string",
          "arn:aws:iam::512978621590:user/system/user_1": "string",
          "arn:aws:iam::512978621590:user/system/user_2": "string"
        }
      ]
    }
  },
  "resources": [
    {
      "mode": "managed",
      "type": "aws_iam_user",
      "name": "lb",
      "provider": "provider[\"registry.terraform.io/hashicorp/aws\"]",
      "instances": [
        {
          "index_key": 0,
          "schema_version": 0,
          "attributes": {
            "arn": "arn:aws:iam::512978621590:user/system/user_0",
            "force_destroy": false,
            "id": "user_0",
            "name": "user_0",
            "path": "/system/",
            "permissions_boundary": "",
            "tags": null,
            "tags_all": {},
            "unique_id": "AIDAXO37ISSLB2FFZOAHX"
          },
          "sensitive_attributes": [],
          "identity_schema_version": 0,
          "private": "bnVsbA=="
        },
        {
          "index_key": 1,
          "schema_version": 0,
          "attributes": {
            "arn": "arn:aws:iam::512978621590:user/system/user_1",
            "force_destroy": false,
            "id": "user_1",
            "name": "user_1",
            "path": "/system/",
            "permissions_boundary": "",
            "tags": null,
            "tags_all": {},
            "unique_id": "AIDAXO37ISSLIZ4WPNOQO"
          },
          "sensitive_attributes": [],
          "identity_schema_version": 0,
          "private": "bnVsbA=="
        },
        {
          "index_key": 2,
          "schema_version": 0,
          "attributes": {
            "arn": "arn:aws:iam::512978621590:user/system/user_2",
            "force_destroy": false,
            "id": "user_2",
            "name": "user_2",
            "path": "/system/",
            "permissions_boundary": "",
            "tags": null,
            "tags_all": {},
            "unique_id": "AIDAXO37ISSLCLWP764P2"
          },
          "sensitive_attributes": [],
          "identity_schema_version": 0,
          "private": "bnVsbA=="
        }
      ]
    }
  ],
  "check_results": null
}
