{"format_version":"1.2","terraform_version":"1.14.3","planned_values":{"root_module":{"resources":[{"address":"aws_iam_user.user[0]","mode":"managed","type":"aws_iam_user","name":"user","index":0,"provider_name":"registry.terraform.io/hashicorp/aws","schema_version":0,"values":{"force_destroy":false,"name":"user.0","path":"/system/","permissions_boundary":null,"tags":null},"sensitive_values":{"tags_all":{}}},{"address":"aws_iam_user.user[1]","mode":"managed","type":"aws_iam_user","name":"user","index":1,"provider_name":"registry.terraform.io/hashicorp/aws","schema_version":0,"values":{"force_destroy":false,"name":"user.1","path":"/system/","permissions_boundary":null,"tags":null},"sensitive_values":{"tags_all":{}}},{"address":"aws_iam_user.user[2]","mode":"managed","type":"aws_iam_user","name":"user","index":2,"provider_name":"registry.terraform.io/hashicorp/aws","schema_version":0,"values":{"force_destroy":false,"name":"user.2","path":"/system/","permissions_boundary":null,"tags":null},"sensitive_values":{"tags_all":{}}},{"address":"aws_iam_user_policy.user_policy[0]","mode":"managed","type":"aws_iam_user_policy","name":"user_policy","index":0,"provider_name":"registry.terraform.io/hashicorp/aws","schema_version":0,"values":{"policy":"{\"Version\":\"2012-10-17\",\"Statement\":[{\"Action\":\"s3:ListBucket\",\"Effect\":\"Allow\",\"Resource\":\"*\"}]}","user":"user.0"},"sensitive_values":{}},{"address":"aws_iam_user_policy.user_policy[1]","mode":"managed","type":"aws_iam_user_policy","name":"user_policy","index":1,"provider_name":"registry.terraform.io/hashicorp/aws","schema_version":0,"values":{"policy":"{\"Version\":\"2012-10-17\",\"Statement\":[{\"Action\":\"s3:ListBucket\",\"Effect\":\"Allow\",\"Resource\":\"*\"}]}","user":"user.1"},"sensitive_values":{}},{"address":"aws_iam_user_policy.user_policy[2]","mode":"managed","type":"aws_iam_user_policy","name":"user_policy","index":2,"provider_name":"registry.terraform.io/hashicorp/aws","schema_version":0,"values":{"policy":"{\"Version\":\"2012-10-17\",\"Statement\":[{\"Action\":\"s3:ListBucket\",\"Effect\":\"Allow\",\"Resource\":\"*\"}]}","user":"user.2"},"sensitive_values":{}},{"address":"aws_instance.ec2[0]","mode":"managed","type":"aws_instance","name":"ec2","index":0,"provider_name":"registry.terraform.io/hashicorp/aws","schema_version":2,"values":{"ami":"ami-0c55b159cbfafe1f0","credit_specification":[],"force_destroy":false,"get_password_data":false,"hibernation":null,"instance_type":"t2.micro","launch_template":[],"region":"eu-west-3","source_dest_check":true,"tags":{"Name":"ec2-instance-0"},"tags_all":{"Name":"ec2-instance-0"},"timeouts":null,"user_data":null,"user_data_replace_on_change":false,"volume_tags":null},"sensitive_values":{"capacity_reservation_specification":[],"cpu_options":[],"credit_specification":[],"ebs_block_device":[],"enclave_options":[],"ephemeral_block_device":[],"instance_market_options":[],"ipv6_addresses":[],"launch_template":[],"maintenance_options":[],"metadata_options":[],"network_interface":[],"primary_network_interface":[],"private_dns_name_options":[],"root_block_device":[],"secondary_private_ips":[],"security_groups":[],"tags":{},"tags_all":{},"vpc_security_group_ids":[]},"identity_schema_version":0,"identity":{"account_id":null,"id":null,"region":null}},{"address":"aws_instance.ec2[1]","mode":"managed","type":"aws_instance","name":"ec2","index":1,"provider_name":"registry.terraform.io/hashicorp/aws","schema_version":2,"values":{"ami":"ami-0c55b159cbfafe1f0","credit_specification":[],"force_destroy":false,"get_password_data":false,"hibernation":null,"instance_type":"t2.micro","launch_template":[],"region":"eu-west-3","source_dest_check":true,"tags":{"Name":"ec2-instance-1"},"tags_all":{"Name":"ec2-instance-1"},"timeouts":null,"user_data":null,"user_data_replace_on_change":false,"volume_tags":null},"sensitive_values":{"capacity_reservation_specification":[],"cpu_options":[],"credit_specification":[],"ebs_block_device":[],"enclave_options":[],"ephemeral_block_device":[],"instance_market_options":[],"ipv6_addresses":[],"launch_template":[],"maintenance_options":[],"metadata_options":[],"network_interface":[],"primary_network_interface":[],"private_dns_name_options":[],"root_block_device":[],"secondary_private_ips":[],"security_groups":[],"tags":{},"tags_all":{},"vpc_security_group_ids":[]},"identity_schema_version":0,"identity":{"account_id":null,"id":null,"region":null}},{"address":"aws_instance.ec2[2]","mode":"managed","type":"aws_instance","name":"ec2","index":2,"provider_name":"registry.terraform.io/hashicorp/aws","schema_version":2,"values":{"ami":"ami-0c55b159cbfafe1f0","credit_specification":[],"force_destroy":false,"get_password_data":false,"hibernation":null,"instance_type":"t2.micro","launch_template":[],"region":"eu-west-3","source_dest_check":true,"tags":{"Name":"ec2-instance-2"},"tags_all":{"Name":"ec2-instance-2"},"timeouts":null,"user_data":null,"user_data_replace_on_change":false,"volume_tags":null},"sensitive_values":{"capacity_reservation_specification":[],"cpu_options":[],"credit_specification":[],"ebs_block_device":[],"enclave_options":[],"ephemeral_block_device":[],"instance_market_options":[],"ipv6_addresses":[],"launch_template":[],"maintenance_options":[],"metadata_options":[],"network_interface":[],"primary_network_interface":[],"private_dns_name_options":[],"root_block_device":[],"secondary_private_ips":[],"security_groups":[],"tags":{},"tags_all":{},"vpc_security_group_ids":[]},"identity_schema_version":0,"identity":{"account_id":null,"id":null,"region":null}}]}},"resource_changes":[{"address":"aws_iam_user.user[0]","mode":"managed","type":"aws_iam_user","name":"user","index":0,"provider_name":"registry.terraform.io/hashicorp/aws","change":{"actions":["create"],"before":null,"after":{"force_destroy":false,"name":"user.0","path":"/system/","permissions_boundary":null,"tags":null},"after_unknown":{"arn":true,"id":true,"tags_all":true,"unique_id":true},"before_sensitive":false,"after_sensitive":{"tags_all":{}}}},{"address":"aws_iam_user.user[1]","mode":"managed","type":"aws_iam_user","name":"user","index":1,"provider_name":"registry.terraform.io/hashicorp/aws","change":{"actions":["create"],"before":null,"after":{"force_destroy":false,"name":"user.1","path":"/system/","permissions_boundary":null,"tags":null},"after_unknown":{"arn":true,"id":true,"tags_all":true,"unique_id":true},"before_sensitive":false,"after_sensitive":{"tags_all":{}}}},{"address":"aws_iam_user.user[2]","mode":"managed","type":"aws_iam_user","name":"user","index":2,"provider_name":"registry.terraform.io/hashicorp/aws","change":{"actions":["create"],"before":null,"after":{"force_destroy":false,"name":"user.2","path":"/system/","permissions_boundary":null,"tags":null},"after_unknown":{"arn":true,"id":true,"tags_all":true,"unique_id":true},"before_sensitive":false,"after_sensitive":{"tags_all":{}}}},{"address":"aws_iam_user_policy.user_policy[0]","mode":"managed","type":"aws_iam_user_policy","name":"user_policy","index":0,"provider_name":"registry.terraform.io/hashicorp/aws","change":{"actions":["create"],"before":null,"after":{"policy":"{\"Version\":\"2012-10-17\",\"Statement\":[{\"Action\":\"s3:ListBucket\",\"Effect\":\"Allow\",\"Resource\":\"*\"}]}","user":"user.0"},"after_unknown":{"id":true,"name":true,"name_prefix":true},"before_sensitive":false,"after_sensitive":{}}},{"address":"aws_iam_user_policy.user_policy[1]","mode":"managed","type":"aws_iam_user_policy","name":"user_policy","index":1,"provider_name":"registry.terraform.io/hashicorp/aws","change":{"actions":["create"],"before":null,"after":{"policy":"{\"Version\":\"2012-10-17\",\"Statement\":[{\"Action\":\"s3:ListBucket\",\"Effect\":\"Allow\",\"Resource\":\"*\"}]}","user":"user.1"},"after_unknown":{"id":true,"name":true,"name_prefix":true},"before_sensitive":false,"after_sensitive":{}}},{"address":"aws_iam_user_policy.user_policy[2]","mode":"managed","type":"aws_iam_user_policy","name":"user_policy","index":2,"provider_name":"registry.terraform.io/hashicorp/aws","change":{"actions":["create"],"before":null,"after":{"policy":"{\"Version\":\"2012-10-17\",\"Statement\":[{\"Action\":\"s3:ListBucket\",\"Effect\":\"Allow\",\"Resource\":\"*\"}]}","user":"user.2"},"after_unknown":{"id":true,"name":true,"name_prefix":true},"before_sensitive":false,"after_sensitive":{}}},{"address":"aws_instance.ec2[0]","mode":"managed","type":"aws_instance","name":"ec2","index":0,"provider_name":"registry.terraform.io/hashicorp/aws","change":{"actions":["create"],"before":null,"after":{"ami":"ami-0c55b159cbfafe1f0","credit_specification":[],"force_destroy":false,"get_password_data":false,"hibernation":null,"instance_type":"t2.micro","launch_template":[],"region":"eu-west-3","source_dest_check":true,"tags":{"Name":"ec2-instance-0"},"tags_all":{"Name":"ec2-instance-0"},"timeouts":null,"user_data":null,"user_data_replace_on_change":false,"volume_tags":null},"after_unknown":{"arn":true,"associate_public_ip_address":true,"availability_zone":true,"capacity_reservation_specification":true,"cpu_options":true,"credit_specification":[],"disable_api_stop":true,"disable_api_termination":true,"ebs_block_device":true,"ebs_optimized":true,"enable_primary_ipv6":true,"enclave_options":true,"ephemeral_block_device":true,"host_id":true,"host_resource_group_arn":true,"iam_instance_profile":true,"id":true,"instance_initiated_shutdown_behavior":true,"instance_lifecycle":true,"instance_market_options":true,"instance_state":true,"ipv6_address_count":true,"ipv6_addresses":true,"key_name":true,"launch_template":[],"maintenance_options":true,"metadata_options":true,"monitoring":true,"network_interface":true,"outpost_arn":true,"password_data":true,"placement_group":true,"placement_group_id":true,"placement_partition_number":true,"primary_network_interface":true,"primary_network_interface_id":true,"private_dns":true,"private_dns_name_options":true,"private_ip":true,"public_dns":true,"public_ip":true,"root_block_device":true,"secondary_private_ips":true,"security_groups":true,"spot_instance_request_id":true,"subnet_id":true,"tags":{},"tags_all":{},"tenancy":true,"user_data_base64":true,"vpc_security_group_ids":true},"before_sensitive":false,"after_sensitive":{"capacity_reservation_specification":[],"cpu_options":[],"credit_specification":[],"ebs_block_device":[],"enclave_options":[],"ephemeral_block_device":[],"instance_market_options":[],"ipv6_addresses":[],"launch_template":[],"maintenance_options":[],"metadata_options":[],"network_interface":[],"primary_network_interface":[],"private_dns_name_options":[],"root_block_device":[],"secondary_private_ips":[],"security_groups":[],"tags":{},"tags_all":{},"vpc_security_group_ids":[]},"after_identity":{"account_id":null,"id":null,"region":null}}},{"address":"aws_instance.ec2[1]","mode":"managed","type":"aws_instance","name":"ec2","index":1,"provider_name":"registry.terraform.io/hashicorp/aws","change":{"actions":["create"],"before":null,"after":{"ami":"ami-0c55b159cbfafe1f0","credit_specification":[],"force_destroy":false,"get_password_data":false,"hibernation":null,"instance_type":"t2.micro","launch_template":[],"region":"eu-west-3","source_dest_check":true,"tags":{"Name":"ec2-instance-1"},"tags_all":{"Name":"ec2-instance-1"},"timeouts":null,"user_data":null,"user_data_replace_on_change":false,"volume_tags":null},"after_unknown":{"arn":true,"associate_public_ip_address":true,"availability_zone":true,"capacity_reservation_specification":true,"cpu_options":true,"credit_specification":[],"disable_api_stop":true,"disable_api_termination":true,"ebs_block_device":true,"ebs_optimized":true,"enable_primary_ipv6":true,"enclave_options":true,"ephemeral_block_device":true,"host_id":true,"host_resource_group_arn":true,"iam_instance_profile":true,"id":true,"instance_initiated_shutdown_behavior":true,"instance_lifecycle":true,"instance_market_options":true,"instance_state":true,"ipv6_address_count":true,"ipv6_addresses":true,"key_name":true,"launch_template":[],"maintenance_options":true,"metadata_options":true,"monitoring":true,"network_interface":true,"outpost_arn":true,"password_data":true,"placement_group":true,"placement_group_id":true,"placement_partition_number":true,"primary_network_interface":true,"primary_network_interface_id":true,"private_dns":true,"private_dns_name_options":true,"private_ip":true,"public_dns":true,"public_ip":true,"root_block_device":true,"secondary_private_ips":true,"security_groups":true,"spot_instance_request_id":true,"subnet_id":true,"tags":{},"tags_all":{},"tenancy":true,"user_data_base64":true,"vpc_security_group_ids":true},"before_sensitive":false,"after_sensitive":{"capacity_reservation_specification":[],"cpu_options":[],"credit_specification":[],"ebs_block_device":[],"enclave_options":[],"ephemeral_block_device":[],"instance_market_options":[],"ipv6_addresses":[],"launch_template":[],"maintenance_options":[],"metadata_options":[],"network_interface":[],"primary_network_interface":[],"private_dns_name_options":[],"root_block_device":[],"secondary_private_ips":[],"security_groups":[],"tags":{},"tags_all":{},"vpc_security_group_ids":[]},"after_identity":{"account_id":null,"id":null,"region":null}}},{"address":"aws_instance.ec2[2]","mode":"managed","type":"aws_instance","name":"ec2","index":2,"provider_name":"registry.terraform.io/hashicorp/aws","change":{"actions":["create"],"before":null,"after":{"ami":"ami-0c55b159cbfafe1f0","credit_specification":[],"force_destroy":false,"get_password_data":false,"hibernation":null,"instance_type":"t2.micro","launch_template":[],"region":"eu-west-3","source_dest_check":true,"tags":{"Name":"ec2-instance-2"},"tags_all":{"Name":"ec2-instance-2"},"timeouts":null,"user_data":null,"user_data_replace_on_change":false,"volume_tags":null},"after_unknown":{"arn":true,"associate_public_ip_address":true,"availability_zone":true,"capacity_reservation_specification":true,"cpu_options":true,"credit_specification":[],"disable_api_stop":true,"disable_api_termination":true,"ebs_block_device":true,"ebs_optimized":true,"enable_primary_ipv6":true,"enclave_options":true,"ephemeral_block_device":true,"host_id":true,"host_resource_group_arn":true,"iam_instance_profile":true,"id":true,"instance_initiated_shutdown_behavior":true,"instance_lifecycle":true,"instance_market_options":true,"instance_state":true,"ipv6_address_count":true,"ipv6_addresses":true,"key_name":true,"launch_template":[],"maintenance_options":true,"metadata_options":true,"monitoring":true,"network_interface":true,"outpost_arn":true,"password_data":true,"placement_group":true,"placement_group_id":true,"placement_partition_number":true,"primary_network_interface":true,"primary_network_interface_id":true,"private_dns":true,"private_dns_name_options":true,"private_ip":true,"public_dns":true,"public_ip":true,"root_block_device":true,"secondary_private_ips":true,"security_groups":true,"spot_instance_request_id":true,"subnet_id":true,"tags":{},"tags_all":{},"tenancy":true,"user_data_base64":true,"vpc_security_group_ids":true},"before_sensitive":false,"after_sensitive":{"capacity_reservation_specification":[],"cpu_options":[],"credit_specification":[],"ebs_block_device":[],"enclave_options":[],"ephemeral_block_device":[],"instance_market_options":[],"ipv6_addresses":[],"launch_template":[],"maintenance_options":[],"metadata_options":[],"network_interface":[],"primary_network_interface":[],"private_dns_name_options":[],"root_block_device":[],"secondary_private_ips":[],"security_groups":[],"tags":{},"tags_all":{},"vpc_security_group_ids":[]},"after_identity":{"account_id":null,"id":null,"region":null}}}],"configuration":{"provider_config":{"aws":{"name":"aws","full_name":"registry.terraform.io/hashicorp/aws"}},"root_module":{"resources":[{"address":"aws_iam_user.user","mode":"managed","type":"aws_iam_user","name":"user","provider_config_key":"aws","expressions":{"name":{"references":["count.index"]},"path":{"constant_value":"/system/"}},"schema_version":0,"count_expression":{"constant_value":3}},{"address":"aws_iam_user_policy.user_policy","mode":"managed","type":"aws_iam_user_policy","name":"user_policy","provider_config_key":"aws","expressions":{"policy":{},"user":{"references":["aws_iam_user.user","count.index"]}},"schema_version":0,"count_expression":{"constant_value":3}},{"address":"aws_instance.ec2","mode":"managed","type":"aws_instance","name":"ec2","provider_config_key":"aws","expressions":{"ami":{"constant_value":"ami-0c55b159cbfafe1f0"},"instance_type":{"constant_value":"t2.micro"},"tags":{"references":["count.index"]}},"schema_version":2,"count_expression":{"constant_value":3}}]}},"relevant_attributes":[{"resource":"aws_iam_user.user","attribute":[]}],"timestamp":"2026-01-06T19:41:30Z","applyable":true,"complete":true,"errored":false}
